
Microsoft Visual Studio Solution File, Format Version 12.00
# Visual Studio Version 17
VisualStudioVersion = 17.4.33403.182
MinimumVisualStudioVersion = 10.0.40219.1
Project("{9A19103F-16F7-4668-BE54-9A1E7A4F7556}") = "OceanFishin", "OceanFishin.csproj", "{BC346823-5BA1-4D76-A97C-E0418E693A25}"
EndProject
Global
	GlobalSection(SolutionConfigurationPlatforms) = preSolution
		Debug|Any CPU = Debug|Any CPU
		Debug|x64 = Debug|x64
		Release|Any CPU = Release|Any CPU
		Release|x64 = Release|x64
	EndGlobalSection
	GlobalSection(ProjectConfigurationPlatforms) = postSolution
		{BC346823-5BA1-4D76-A97C-E0418E693A25}.Debug|Any CPU.ActiveCfg = Debug|x64
		{BC346823-5BA1-4D76-A97C-E0418E693A25}.Debug|Any CPU.Build.0 = Debug|x64
		{BC346823-5BA1-4D76-A97C-E0418E693A25}.Debug|x64.ActiveCfg = Debug|x64
		{BC346823-5BA1-4D76-A97C-E0418E693A25}.Debug|x64.Build.0 = Debug|x64
		{BC346823-5BA1-4D76-A97C-E0418E693A25}.Release|Any CPU.ActiveCfg = Release|x64
		{BC346823-5BA1-4D76-A97C-E0418E693A25}.Release|Any CPU.Build.0 = Release|x64
		{BC346823-5BA1-4D76-A97C-E0418E693A25}.Release|x64.ActiveCfg = Release|x64
		{BC346823-5BA1-4D76-A97C-E0418E693A25}.Release|x64.Build.0 = Release|x64
	EndGlobalSection
	GlobalSection(SolutionProperties) = preSolution
		HideSolutionNode = FALSE
	EndGlobalSection
	GlobalSection(ExtensibilityGlobals) = postSolution
		SolutionGuid = {4DA2117D-69BE-43DA-81F1-010F655B94D4}
	EndGlobalSection
EndGlobal
